
Microsoft Visual Studio Solution File, Format Version 12.00
# Visual Studio Version 16
VisualStudioVersion = 16.0.33423.256
MinimumVisualStudioVersion = 10.0.40219.1
Project("{FAE04EC0-301F-11D3-BF4B-00C04F79EFBC}") = "Encryptor", "Encryptor.csproj", "{27780A45-FC10-4E68-A461-FCCEAF2D1BD6}"
EndProject
Global
	GlobalSection(SolutionConfigurationPlatforms) = preSolution
		Debug|Any CPU = Debug|Any CPU
		Release|Any CPU = Release|Any CPU
	EndGlobalSection
	GlobalSection(ProjectConfigurationPlatforms) = postSolution
		{27780A45-FC10-4E68-A461-FCCEAF2D1BD6}.Debug|Any CPU.ActiveCfg = Debug|Any CPU
		{27780A45-FC10-4E68-A461-FCCEAF2D1BD6}.Debug|Any CPU.Build.0 = Debug|Any CPU
		{27780A45-FC10-4E68-A461-FCCEAF2D1BD6}.Release|Any CPU.ActiveCfg = Release|Any CPU
		{27780A45-FC10-4E68-A461-FCCEAF2D1BD6}.Release|Any CPU.Build.0 = Release|Any CPU
	EndGlobalSection
	GlobalSection(SolutionProperties) = preSolution
		HideSolutionNode = FALSE
	EndGlobalSection
	GlobalSection(ExtensibilityGlobals) = postSolution
		SolutionGuid = {8AED7980-FCAA-4FE2-802C-FF295A4C9D9D}
	EndGlobalSection
EndGlobal
